
Microsoft Visual Studio Solution File, Format Version 12.00
# Visual Studio Version 17
VisualStudioVersion = 17.7.34024.191
MinimumVisualStudioVersion = 10.0.40219.1
Project("{9A19103F-16F7-4668-BE54-9A1E7A4F7556}") = "DrugSearch.Backend", "DrugSearch.Backend\DrugSearch.Backend.csproj", "{E25825EB-3308-4C22-8B41-36BD2B16AB66}"
EndProject
Global
	GlobalSection(SolutionConfigurationPlatforms) = preSolution
		Debug|Any CPU = Debug|Any CPU
		Release|Any CPU = Release|Any CPU
	EndGlobalSection
	GlobalSection(ProjectConfigurationPlatforms) = postSolution
		{E25825EB-3308-4C22-8B41-36BD2B16AB66}.Debug|Any CPU.ActiveCfg = Debug|Any CPU
		{E25825EB-3308-4C22-8B41-36BD2B16AB66}.Debug|Any CPU.Build.0 = Debug|Any CPU
		{E25825EB-3308-4C22-8B41-36BD2B16AB66}.Release|Any CPU.ActiveCfg = Release|Any CPU
		{E25825EB-3308-4C22-8B41-36BD2B16AB66}.Release|Any CPU.Build.0 = Release|Any CPU
	EndGlobalSection
	GlobalSection(SolutionProperties) = preSolution
		HideSolutionNode = FALSE
	EndGlobalSection
	GlobalSection(ExtensibilityGlobals) = postSolution
		SolutionGuid = {A00B4001-7D40-4334-BDC9-32D32DAAC081}
	EndGlobalSection
EndGlobal
